
Microsoft Visual Studio Solution File, Format Version 12.00
# Visual Studio Version 17
VisualStudioVersion = 17.3.32819.101
MinimumVisualStudioVersion = 10.0.40219.1
Project("{9A19103F-16F7-4668-BE54-9A1E7A4F7556}") = "CrunchEconUI", "CrunchEconUI\CrunchEconUI.csproj", "{2E651FFE-69D8-410D-8554-AAFF7BA94843}"
EndProject
Global
	GlobalSection(SolutionConfigurationPlatforms) = preSolution
		Debug|Any CPU = Debug|Any CPU
		Release|Any CPU = Release|Any CPU
	EndGlobalSection
	GlobalSection(ProjectConfigurationPlatforms) = postSolution
		{2E651FFE-69D8-410D-8554-AAFF7BA94843}.Debug|Any CPU.ActiveCfg = Debug|Any CPU
		{2E651FFE-69D8-410D-8554-AAFF7BA94843}.Debug|Any CPU.Build.0 = Debug|Any CPU
		{2E651FFE-69D8-410D-8554-AAFF7BA94843}.Release|Any CPU.ActiveCfg = Release|Any CPU
		{2E651FFE-69D8-410D-8554-AAFF7BA94843}.Release|Any CPU.Build.0 = Release|Any CPU
	EndGlobalSection
	GlobalSection(SolutionProperties) = preSolution
		HideSolutionNode = FALSE
	EndGlobalSection
	GlobalSection(ExtensibilityGlobals) = postSolution
		SolutionGuid = {903A4F3C-5067-4604-BC9B-8CB9074694E2}
	EndGlobalSection
EndGlobal
